Microsoft Visual Studio Solution File, Format Version 12.00
# Visual Studio Version 17
VisualStudioVersion = 17.5.2.0
MinimumVisualStudioVersion = 10.0.40219.1
Project("{FAE04EC0-301F-11D3-BF4B-00C04F79EFBC}") = "razor", "razor.csproj", "{727E89A2-68C9-2280-7FF5-6CCCF3B702C3}"
EndProject
Global
	GlobalSection(SolutionConfigurationPlatforms) = preSolution
		Debug|Any CPU = Debug|Any CPU
		Release|Any CPU = Release|Any CPU
	EndGlobalSection
	GlobalSection(ProjectConfigurationPlatforms) = postSolution
		{727E89A2-68C9-2280-7FF5-6CCCF3B702C3}.Debug|Any CPU.ActiveCfg = Debug|Any CPU
		{727E89A2-68C9-2280-7FF5-6CCCF3B702C3}.Debug|Any CPU.Build.0 = Debug|Any CPU
		{727E89A2-68C9-2280-7FF5-6CCCF3B702C3}.Release|Any CPU.ActiveCfg = Release|Any CPU
		{727E89A2-68C9-2280-7FF5-6CCCF3B702C3}.Release|Any CPU.Build.0 = Release|Any CPU
	EndGlobalSection
	GlobalSection(SolutionProperties) = preSolution
		HideSolutionNode = FALSE
	EndGlobalSection
	GlobalSection(ExtensibilityGlobals) = postSolution
		SolutionGuid = {65D2F0E8-6607-4489-958F-86AC742B363D}
	EndGlobalSection
EndGlobal
